
Microsoft Visual Studio Solution File, Format Version 12.00
# Visual Studio Version 16
VisualStudioVersion = 16.0.29215.179
MinimumVisualStudioVersion = 10.0.40219.1
Project("{FAE04EC0-301F-11D3-BF4B-00C04F79EFBC}") = "BookApiProject", "BookApiProject\BookApiProject.csproj", "{EC062F0F-DAF9-4826-9E20-BDAB00268EF6}"
EndProject
Global
	GlobalSection(SolutionConfigurationPlatforms) = preSolution
		Debug|Any CPU = Debug|Any CPU
		Release|Any CPU = Release|Any CPU
	EndGlobalSection
	GlobalSection(ProjectConfigurationPlatforms) = postSolution
		{EC062F0F-DAF9-4826-9E20-BDAB00268EF6}.Debug|Any CPU.ActiveCfg = Debug|Any CPU
		{EC062F0F-DAF9-4826-9E20-BDAB00268EF6}.Debug|Any CPU.Build.0 = Debug|Any CPU
		{EC062F0F-DAF9-4826-9E20-BDAB00268EF6}.Release|Any CPU.ActiveCfg = Release|Any CPU
		{EC062F0F-DAF9-4826-9E20-BDAB00268EF6}.Release|Any CPU.Build.0 = Release|Any CPU
	EndGlobalSection
	GlobalSection(SolutionProperties) = preSolution
		HideSolutionNode = FALSE
	EndGlobalSection
	GlobalSection(ExtensibilityGlobals) = postSolution
		SolutionGuid = {A7AE0E0F-BD0B-4F16-A00C-6E11E0A00581}
	EndGlobalSection
EndGlobal
